{
  "requires": true,
  "lockfileVersion": 1,
  "dependencies": {
    "@uirouter/angularjs": {
      "version": "1.0.28",
      "resolved": "https://registry.npmjs.org/@uirouter/angularjs/-/angularjs-1.0.28.tgz",
      "integrity": "sha512-PI9kgUjQu5ItRVUMvdp9j613IT6nCmFRlahTP2MiD4k1RJjY/RwIGzHI9pjuz7PAfdHvxAqGOZEOl6EjVmchyw==",
      "requires": {
        "@uirouter/core": "6.0.6"
      }
    },
    "@uirouter/core": {
      "version": "6.0.6",
      "resolved": "https://registry.npmjs.org/@uirouter/core/-/core-6.0.6.tgz",
      "integrity": "sha512-+i1iNaPQRp1JoEnxi4EsTX30bSvkWtPEenENWdvdIzX615Q3WCWwnbW9DtrwX9gSD5qmWEaQEtGMU0uF3qJ+1g=="
    },
    "ui-router": {
      "version": "1.0.0-alpha.3",
      "resolved": "https://registry.npmjs.org/ui-router/-/ui-router-1.0.0-alpha.3.tgz",
      "integrity": "sha1-sphycgIosJr1UlnpQY9eFLwH2WI="
    }
  }
}
